// This lockfile was autogenerated by Pants. To regenerate, run:
//
//    pants generate-lockfiles --resolve=python-default
//
// --- BEGIN PANTS LOCKFILE METADATA: DO NOT EDIT OR REMOVE ---
// {
//   "version": 4,
//   "valid_for_interpreter_constraints": [
//     "CPython==3.12.*"
//   ],
//   "generated_with_requirements": [
//     "fastapi",
//     "uvicorn[standard]"
//   ],
//   "manylinux": "manylinux2014",
//   "requirement_constraints": [],
//   "only_binary": [],
//   "no_binary": [],
//   "excludes": [],
//   "overrides": []
// }
// --- END PANTS LOCKFILE METADATA ---

{
  "allow_builds": true,
  "allow_prereleases": false,
  "allow_wheels": true,
  "build_isolation": true,
  "constraints": [],
  "elide_unused_requires_dist": false,
  "excluded": [],
  "locked_resolves": [
    {
      "locked_requirements": [
        {
          "artifacts": [
            {
              "algorithm": "sha256",
              "hash": "1f02e8b43a8fbbc3f3e0d4f0f4bfc8131bcb4eebe8849b8e5c773f3a1c582a53",
              "url": "https://files.pythonhosted.org/packages/78/b6/6307fbef88d9b5ee7421e68d78a9f162e0da4900bc5f5793f6d3d0e34fb8/annotated_types-0.7.0-py3-none-any.whl"
            },
            {
              "algorithm": "sha256",
              "hash": "aff07c09a53a08bc8cfccb9c85b05f1aa9a2a6f23728d790723543408344ce89",
              "url": "https://files.pythonhosted.org/packages/ee/67/531ea369ba64dcff5ec9c3402f9f51bf748cec26dde048a2f973a4eea7f5/annotated_types-0.7.0.tar.gz"
            }
          ],
          "project_name": "annotated-types",
          "requires_dists": [
            "typing-extensions>=4.0.0; python_version < \"3.9\""
          ],
          "requires_python": ">=3.8",
          "version": "0.7.0"
        },
        {
          "artifacts": [
            {
              "algorithm": "sha256",
              "hash": "0287e96f4d26d4149305414d4e3bc32f0dcd0862365a4bddea19d7a1ec38c4fc",
              "url": "https://files.pythonhosted.org/packages/15/b3/9b1a8074496371342ec1e796a96f99c82c945a339cd81a8e73de28b4cf9e/anyio-4.11.0-py3-none-any.whl"
            },
            {
              "algorithm": "sha256",
              "hash": "82a8d0b81e318cc5ce71a5f1f8b5c4e63619620b63141ef8c995fa0db95a57c4",
              "url": "https://files.pythonhosted.org/packages/c6/78/7d432127c41b50bccba979505f272c16cbcadcc33645d5fa3a738110ae75/anyio-4.11.0.tar.gz"
            }
          ],
          "project_name": "anyio",
          "requires_dists": [
            "exceptiongroup>=1.0.2; python_version < \"3.11\"",
            "idna>=2.8",
            "sniffio>=1.1",
            "trio>=0.31.0; extra == \"trio\"",
            "typing_extensions>=4.5; python_version < \"3.13\""
          ],
          "requires_python": ">=3.9",
          "version": "4.11.0"
        },
        {
          "artifacts": [
            {
              "algorithm": "sha256",
              "hash": "9b9f285302c6e3064f4330c05f05b81945b2a39544279343e6e7c5f27a9baddc",
              "url": "https://files.pythonhosted.org/packages/db/d3/9dcc0f5797f070ec8edf30fbadfb200e71d9db6b84d211e3b2085a7589a0/click-8.3.0-py3-none-any.whl"
            },
            {
              "algorithm": "sha256",
              "hash": "e7b8232224eba16f4ebe410c25ced9f7875cb5f3263ffc93cc3e8da705e229c4",
              "url": "https://files.pythonhosted.org/packages/46/61/de6cd827efad202d7057d93e0fed9294b96952e188f7384832791c7b2254/click-8.3.0.tar.gz"
            }
          ],
          "project_name": "click",
          "requires_dists": [
            "colorama; platform_system == \"Windows\""
          ],
          "requires_python": ">=3.10",
          "version": "8.3.0"
        },
        {
          "artifacts": [
            {
              "algorithm": "sha256",
              "hash": "0b8c2a2cce853216e150e9bd4faaed88227f8eb37de21cb200771f491586a27f",
              "url": "https://files.pythonhosted.org/packages/b1/26/e6d959b4ac959fdb3e9c4154656fc160794db6af8e64673d52759456bf07/fastapi-0.119.1-py3-none-any.whl"
            },
            {
              "algorithm": "sha256",
              "hash": "a5e3426edce3fe221af4e1992c6d79011b247e3b03cc57999d697fe76cbf8ae0",
              "url": "https://files.pythonhosted.org/packages/a6/f4/152127681182e6413e7a89684c434e19e7414ed7ac0c632999c3c6980640/fastapi-0.119.1.tar.gz"
            }
          ],
          "project_name": "fastapi",
          "requires_dists": [
            "email-validator>=2.0.0; extra == \"all\"",
            "email-validator>=2.0.0; extra == \"standard\"",
            "email-validator>=2.0.0; extra == \"standard-no-fastapi-cloud-cli\"",
            "fastapi-cli[standard-no-fastapi-cloud-cli]>=0.0.8; extra == \"standard-no-fastapi-cloud-cli\"",
            "fastapi-cli[standard]>=0.0.8; extra == \"all\"",
            "fastapi-cli[standard]>=0.0.8; extra == \"standard\"",
            "httpx<1.0.0,>=0.23.0; extra == \"all\"",
            "httpx<1.0.0,>=0.23.0; extra == \"standard\"",
            "httpx<1.0.0,>=0.23.0; extra == \"standard-no-fastapi-cloud-cli\"",
            "itsdangerous>=1.1.0; extra == \"all\"",
            "jinja2>=3.1.5; extra == \"all\"",
            "jinja2>=3.1.5; extra == \"standard\"",
            "jinja2>=3.1.5; extra == \"standard-no-fastapi-cloud-cli\"",
            "orjson>=3.2.1; extra == \"all\"",
            "pydantic!=1.8,!=1.8.1,!=2.0.0,!=2.0.1,!=2.1.0,<3.0.0,>=1.7.4",
            "pydantic-extra-types>=2.0.0; extra == \"all\"",
            "pydantic-settings>=2.0.0; extra == \"all\"",
            "python-multipart>=0.0.18; extra == \"all\"",
            "python-multipart>=0.0.18; extra == \"standard\"",
            "python-multipart>=0.0.18; extra == \"standard-no-fastapi-cloud-cli\"",
            "pyyaml>=5.3.1; extra == \"all\"",
            "starlette<0.49.0,>=0.40.0",
            "typing-extensions>=4.8.0",
            "ujson!=4.0.2,!=4.1.0,!=4.2.0,!=4.3.0,!=5.0.0,!=5.1.0,>=4.0.1; extra == \"all\"",
            "uvicorn[standard]>=0.12.0; extra == \"all\"",
            "uvicorn[standard]>=0.12.0; extra == \"standard\"",
            "uvicorn[standard]>=0.12.0; extra == \"standard-no-fastapi-cloud-cli\""
          ],
          "requires_python": ">=3.8",
          "version": "0.119.1"
        },
        {
          "artifacts": [
            {
              "algorithm": "sha256",
              "hash": "63cf8bbe7522de3bf65932fda1d9c2772064ffb3dae62d55932da54b31cb6c86",
              "url": "https://files.pythonhosted.org/packages/04/4b/29cac41a4d98d144bf5f6d33995617b185d14b22401f75ca86f384e87ff1/h11-0.16.0-py3-none-any.whl"
            },
            {
              "algorithm": "sha256",
              "hash": "4e35b956cf45792e4caa5885e69fba00bdbc6ffafbfa020300e549b208ee5ff1",
              "url": "https://files.pythonhosted.org/packages/01/ee/02a2c011bdab74c6fb3c75474d40b3052059d95df7e73351460c8588d963/h11-0.16.0.tar.gz"
            }
          ],
          "project_name": "h11",
          "requires_dists": [],
          "requires_python": ">=3.8",
          "version": "0.16.0"
        },
        {
          "artifacts": [
            {
              "algorithm": "sha256",
              "hash": "e99c7b90a29fd82fea9ef57943d501a16f3404d7b9ee81799d41639bdaae412c",
              "url": "https://files.pythonhosted.org/packages/e9/9e/025ad7b65278745dee3bd0ebf9314934c4592560878308a6121f7f812084/httptools-0.7.1-cp312-cp312-musllinux_1_2_x86_64.whl"
            },
            {
              "algorithm": "sha256",
              "hash": "7fe6e96090df46b36ccfaf746f03034e5ab723162bc51b0a4cf58305324036f2",
              "url": "https://files.pythonhosted.org/packages/11/7d/71fee6f1844e6fa378f2eddde6c3e41ce3a1fb4b2d81118dd544e3441ec0/httptools-0.7.1-cp312-cp312-manylinux2014_aarch64.manylinux_2_17_aarch64.manylinux_2_28_aarch64.whl"
            },
            {
              "algorithm": "sha256",
              "hash": "f72fdbae2dbc6e68b8239defb48e6a5937b12218e6ffc2c7846cc37befa84362",
              "url": "https://files.pythonhosted.org/packages/22/a5/079d216712a4f3ffa24af4a0381b108aa9c45b7a5cc6eb141f81726b1823/httptools-0.7.1-cp312-cp312-musllinux_1_2_aarch64.whl"
            },
            {
              "algorithm": "sha256",
              "hash": "f25bbaf1235e27704f1a7b86cd3304eabc04f569c828101d94a0e605ef7205a5",
              "url": "https://files.pythonhosted.org/packages/2a/0d/7f3fd28e2ce311ccc998c388dd1c53b18120fda3b70ebb022b135dc9839b/httptools-0.7.1-cp312-cp312-macosx_11_0_arm64.whl"
            },
            {
              "algorithm": "sha256",
              "hash": "38e0c83a2ea9746ebbd643bdfb521b9aa4a91703e2cd705c20443405d2fd16a5",
              "url": "https://files.pythonhosted.org/packages/53/7f/403e5d787dc4942316e515e949b0c8a013d84078a915910e9f391ba9b3ed/httptools-0.7.1-cp312-cp312-macosx_10_13_universal2.whl"
            },
            {
              "algorithm": "sha256",
              "hash": "2c15f37ef679ab9ecc06bfc4e6e8628c32a8e4b305459de7cf6785acd57e4d03",
              "url": "https://files.pythonhosted.org/packages/84/a6/b3965e1e146ef5762870bbe76117876ceba51a201e18cc31f5703e454596/httptools-0.7.1-cp312-cp312-manylinux1_x86_64.manylinux_2_28_x86_64.manylinux_2_5_x86_64.whl"
            },
            {
              "algorithm": "sha256",
              "hash": "abd72556974f8e7c74a259655924a717a2365b236c882c3f6f8a45fe94703ac9",
              "url": "https://files.pythonhosted.org/packages/b5/46/120a669232c7bdedb9d52d4aeae7e6c7dfe151e99dc70802e2fc7a5e1993/httptools-0.7.1.tar.gz"
            }
          ],
          "project_name": "httptools",
          "requires_dists": [],
          "requires_python": ">=3.9",
          "version": "0.7.1"
        },
        {
          "artifacts": [
            {
              "algorithm": "sha256",
              "hash": "771a87f49d9defaf64091e6e6fe9c18d4833f140bd19464795bc32d966ca37ea",
              "url": "https://files.pythonhosted.org/packages/0e/61/66938bbb5fc52dbdf84594873d5b51fb1f7c7794e9c0f5bd885f30bc507b/idna-3.11-py3-none-any.whl"
            },
            {
              "algorithm": "sha256",
              "hash": "795dafcc9c04ed0c1fb032c2aa73654d8e8c5023a7df64a53f39190ada629902",
              "url": "https://files.pythonhosted.org/packages/6f/6d/0703ccc57f3a7233505399edb88de3cbd678da106337b9fcde432b65ed60/idna-3.11.tar.gz"
            }
          ],
          "project_name": "idna",
          "requires_dists": [
            "flake8>=7.1.1; extra == \"all\"",
            "mypy>=1.11.2; extra == \"all\"",
            "pytest>=8.3.2; extra == \"all\"",
            "ruff>=0.6.2; extra == \"all\""
          ],
          "requires_python": ">=3.8",
          "version": "3.11"
        },
        {
          "artifacts": [
            {
              "algorithm": "sha256",
              "hash": "6986454a854bc3bc6e5443e1369e06a3a456af9d339eda45510f517d9ea5c6bf",
              "url": "https://files.pythonhosted.org/packages/a1/6b/83661fa77dcefa195ad5f8cd9af3d1a7450fd57cc883ad04d65446ac2029/pydantic-2.12.3-py3-none-any.whl"
            },
            {
              "algorithm": "sha256",
              "hash": "1da1c82b0fc140bb0103bc1441ffe062154c8d38491189751ee00fd8ca65ce74",
              "url": "https://files.pythonhosted.org/packages/f3/1e/4f0a3233767010308f2fd6bd0814597e3f63f1dc98304a9112b8759df4ff/pydantic-2.12.3.tar.gz"
            }
          ],
          "project_name": "pydantic",
          "requires_dists": [
            "annotated-types>=0.6.0",
            "email-validator>=2.0.0; extra == \"email\"",
            "pydantic-core==2.41.4",
            "typing-extensions>=4.14.1",
            "typing-inspection>=0.4.2",
            "tzdata; (python_version >= \"3.9\" and platform_system == \"Windows\") and extra == \"timezone\""
          ],
          "requires_python": ">=3.9",
          "version": "2.12.3"
        },
        {
          "artifacts": [
            {
              "algorithm": "sha256",
              "hash": "84d8854db5f55fead3b579f04bda9a36461dab0730c5d570e1526483e7bb8431",
              "url": "https://files.pythonhosted.org/packages/68/4c/c06be6e27545d08b802127914156f38d10ca287a9e8489342793de8aae3c/pydantic_core-2.41.4-cp312-cp312-musllinux_1_1_x86_64.whl"
            },
            {
              "algorithm": "sha256",
              "hash": "ec22626a2d14620a83ca583c6f5a4080fa3155282718b6055c2ea48d3ef35970",
              "url": "https://files.pythonhosted.org/packages/14/0a/e567c2883588dd12bcbc110232d892cf385356f7c8a9910311ac997ab715/pydantic_core-2.41.4-cp312-cp312-manylinux_2_5_i686.manylinux1_i686.whl"
            },
            {
              "algorithm": "sha256",
              "hash": "304c54176af2c143bd181d82e77c15c41cbacea8872a2225dd37e6544dce9999",
              "url": "https://files.pythonhosted.org/packages/1e/63/4d948f1b9dd8e991a5a98b77dd66c74641f5f2e5225fee37994b2e07d391/pydantic_core-2.41.4-cp312-cp312-manylinux_2_17_aarch64.manylinux2014_aarch64.whl"
            },
            {
              "algorithm": "sha256",
              "hash": "f9672ab4d398e1b602feadcffcdd3af44d5f5e6ddc15bc7d15d376d47e8e19f8",
              "url": "https://files.pythonhosted.org/packages/52/70/d702ef7a6cd41a8afc61f3554922b3ed8d19dd54c3bd4bdbfe332e610827/pydantic_core-2.41.4-cp312-cp312-musllinux_1_1_armv7l.whl"
            },
            {
              "algorithm": "sha256",
              "hash": "c53ff33e603a9c1179a9364b0a24694f183717b2e0da2b5ad43c316c956901b2",
              "url": "https://files.pythonhosted.org/packages/58/da/46fdac49e6717e3a94fc9201403e08d9d61aa7a770fab6190b8740749047/pydantic_core-2.41.4-cp312-cp312-macosx_11_0_arm64.whl"
            },
            {
              "algorithm": "sha256",
              "hash": "b9f5f30c402ed58f90c70e12eff65547d3ab74685ffe8283c719e6bead8ef53f",
              "url": "https://files.pythonhosted.org/packages/70/69/dce747b1d21d59e85af433428978a1893c6f8a7068fa2bb4a927fba7a5ff/pydantic_core-2.41.4-cp312-cp312-manylinux_2_17_ppc64le.manylinux2014_ppc64le.whl"
            },
            {
              "algorithm": "sha256",
              "hash": "dd96e5d15385d301733113bcaa324c8bcf111275b7675a9c6e88bfb19fc05e3b",
              "url": "https://files.pythonhosted.org/packages/83/6a/c070e30e295403bf29c4df1cb781317b6a9bac7cd07b8d3acc94d501a63c/pydantic_core-2.41.4-cp312-cp312-manylinux_2_17_s390x.manylinux2014_s390x.whl"
            },
            {
              "algorithm": "sha256",
              "hash": "025ba34a4cf4fb32f917d5d188ab5e702223d3ba603be4d8aca2f82bede432a4",
              "url": "https://files.pythonhosted.org/packages/b2/a7/e5fc60a6f781fc634ecaa9ecc3c20171d238794cef69ae0af79ac11b89d7/pydantic_core-2.41.4-cp312-cp312-manylinux_2_17_armv7l.manylinux2014_armv7l.whl"
            },
            {
              "algorithm": "sha256",
              "hash": "70e47929a9d4a1905a67e4b687d5946026390568a8e952b92824118063cee4d5",
              "url": "https://files.pythonhosted.org/packages/df/18/d0944e8eaaa3efd0a91b0f1fc537d3be55ad35091b6a87638211ba691964/pydantic_core-2.41.4.tar.gz"
            },
            {
              "algorithm": "sha256",
              "hash": "ab06d77e053d660a6faaf04894446df7b0a7e7aba70c2797465a0a1af00fc887",
              "url": "https://files.pythonhosted.org/packages/e9/81/d3b3e95929c4369d30b2a66a91db63c8ed0a98381ae55a45da2cd1cc1288/pydantic_core-2.41.4-cp312-cp312-macosx_10_12_x86_64.whl"
            },
            {
              "algorithm": "sha256",
              "hash": "98f348cbb44fae6e9653c1055db7e29de67ea6a9ca03a5fa2c2e11a47cff0e47",
              "url": "https://files.pythonhosted.org/packages/f0/83/06d001f8043c336baea7fd202a9ac7ad71f87e1c55d8112c50b745c40324/pydantic_core-2.41.4-cp312-cp312-manylinux_2_17_x86_64.manylinux2014_x86_64.whl"
            },
            {
              "algorithm": "sha256",
              "hash": "3a95d4590b1f1a43bf33ca6d647b990a88f4a3824a8c4572c708f0b45a5290ed",
              "url": "https://files.pythonhosted.org/packages/f4/1d/3d9fca34273ba03c9b1c5289f7618bc4bd09c3ad2289b5420481aa051a99/pydantic_core-2.41.4-cp312-cp312-musllinux_1_1_aarch64.whl"
            }
          ],
          "project_name": "pydantic-core",
          "requires_dists": [
            "typing-extensions>=4.14.1"
          ],
          "requires_python": ">=3.9",
          "version": "2.41.4"
        },
        {
          "artifacts": [
            {
              "algorithm": "sha256",
              "hash": "31f23644fe2602f88ff55e1f5c79ba497e01224ee7737937930c448e4d0e24dc",
              "url": "https://files.pythonhosted.org/packages/5f/ed/539768cf28c661b5b068d66d96a2f155c4971a5d55684a514c1a0e0dec2f/python_dotenv-1.1.1-py3-none-any.whl"
            },
            {
              "algorithm": "sha256",
              "hash": "a8a6399716257f45be6a007360200409fce5cda2661e3dec71d23dc15f6189ab",
              "url": "https://files.pythonhosted.org/packages/f6/b0/4bc07ccd3572a2f9df7e6782f52b0c6c90dcbb803ac4a167702d7d0dfe1e/python_dotenv-1.1.1.tar.gz"
            }
          ],
          "project_name": "python-dotenv",
          "requires_dists": [
            "click>=5.0; extra == \"cli\""
          ],
          "requires_python": ">=3.9",
          "version": "1.1.1"
        },
        {
          "artifacts": [
            {
              "algorithm": "sha256",
              "hash": "41715c910c881bc081f1e8872880d3c650acf13dfa8214bad49ed4cede7c34ea",
              "url": "https://files.pythonhosted.org/packages/be/8e/98435a21d1d4b46590d5459a22d88128103f8da4c2d4cb8f14f2a96504e1/pyyaml-6.0.3-cp312-cp312-musllinux_1_2_x86_64.whl"
            },
            {
              "algorithm": "sha256",
              "hash": "d76623373421df22fb4cf8817020cbb7ef15c725b9d5e45f17e189bfc384190f",
              "url": "https://files.pythonhosted.org/packages/05/8e/961c0007c59b8dd7729d542c61a4d537767a59645b82a0b521206e1e25c2/pyyaml-6.0.3.tar.gz"
            },
            {
              "algorithm": "sha256",
              "hash": "8dc52c23056b9ddd46818a57b78404882310fb473d63f17b07d5c40421e47f8e",
              "url": "https://files.pythonhosted.org/packages/05/c0/b3be26a015601b822b97d9149ff8cb5ead58c66f981e04fedf4e762f4bd4/pyyaml-6.0.3-cp312-cp312-musllinux_1_2_aarch64.whl"
            },
            {
              "algorithm": "sha256",
              "hash": "5fdec68f91a0c6739b380c83b951e2c72ac0197ace422360e6d5a959d8d97b2c",
              "url": "https://files.pythonhosted.org/packages/65/30/d7353c338e12baef4ecc1b09e877c1970bd3382789c159b4f89d6a70dc09/pyyaml-6.0.3-cp312-cp312-manylinux2014_s390x.manylinux_2_17_s390x.manylinux_2_28_s390x.whl"
            },
            {
              "algorithm": "sha256",
              "hash": "fc09d0aa354569bc501d4e787133afc08552722d3ab34836a80547331bb5d4a0",
              "url": "https://files.pythonhosted.org/packages/89/a0/6cf41a19a1f2f3feab0e9c0b74134aa2ce6849093d5517a0c550fe37a648/pyyaml-6.0.3-cp312-cp312-macosx_11_0_arm64.whl"
            },
            {
              "algorithm": "sha256",
              "hash": "ba1cc08a7ccde2d2ec775841541641e4548226580ab850948cbfda66a1befcdc",
              "url": "https://files.pythonhosted.org/packages/8b/9d/b3589d3877982d4f2329302ef98a8026e7f4443c765c46cfecc8858c6b4b/pyyaml-6.0.3-cp312-cp312-manylinux2014_x86_64.manylinux_2_17_x86_64.manylinux_2_28_x86_64.whl"
            },
            {
              "algorithm": "sha256",
              "hash": "7f047e29dcae44602496db43be01ad42fc6f1cc0d8cd6c83d342306c32270196",
              "url": "https://files.pythonhosted.org/packages/d1/33/422b98d2195232ca1826284a76852ad5a86fe23e31b009c9886b2d0fb8b2/pyyaml-6.0.3-cp312-cp312-macosx_10_13_x86_64.whl"
            },
            {
              "algorithm": "sha256",
              "hash": "9149cad251584d5fb4981be1ecde53a1ca46c891a79788c0df828d2f166bda28",
              "url": "https://files.pythonhosted.org/packages/ed/23/7a778b6bd0b9a8039df8b1b1d80e2e2ad78aa04171592c8a5c43a56a6af4/pyyaml-6.0.3-cp312-cp312-manylinux2014_aarch64.manylinux_2_17_aarch64.manylinux_2_28_aarch64.whl"
            }
          ],
          "project_name": "pyyaml",
          "requires_dists": [],
          "requires_python": ">=3.8",
          "version": "6.0.3"
        },
        {
          "artifacts": [
            {
              "algorithm": "sha256",
              "hash": "2f6da418d1f1e0fddd844478f41680e794e6051915791a034ff65e5f100525a2",
              "url": "https://files.pythonhosted.org/packages/e9/44/75a9c9421471a6c4805dbf2356f7c181a29c1879239abab1ea2cc8f38b40/sniffio-1.3.1-py3-none-any.whl"
            },
            {
              "algorithm": "sha256",
              "hash": "f4324edc670a0f49750a81b895f35c3adb843cca46f0530f79fc1babb23789dc",
              "url": "https://files.pythonhosted.org/packages/a2/87/a6771e1546d97e7e041b6ae58d80074f81b7d5121207425c964ddf5cfdbd/sniffio-1.3.1.tar.gz"
            }
          ],
          "project_name": "sniffio",
          "requires_dists": [],
          "requires_python": ">=3.7",
          "version": "1.3.1"
        },
        {
          "artifacts": [
            {
              "algorithm": "sha256",
              "hash": "0764ca97b097582558ecb498132ed0c7d942f233f365b86ba37770e026510659",
              "url": "https://files.pythonhosted.org/packages/be/72/2db2f49247d0a18b4f1bb9a5a39a0162869acf235f3a96418363947b3d46/starlette-0.48.0-py3-none-any.whl"
            },
            {
              "algorithm": "sha256",
              "hash": "7e8cee469a8ab2352911528110ce9088fdc6a37d9876926e73da7ce4aa4c7a46",
              "url": "https://files.pythonhosted.org/packages/a7/a5/d6f429d43394057b67a6b5bbe6eae2f77a6bf7459d961fdb224bf206eee6/starlette-0.48.0.tar.gz"
            }
          ],
          "project_name": "starlette",
          "requires_dists": [
            "anyio<5,>=3.6.2",
            "httpx<0.29.0,>=0.27.0; extra == \"full\"",
            "itsdangerous; extra == \"full\"",
            "jinja2; extra == \"full\"",
            "python-multipart>=0.0.18; extra == \"full\"",
            "pyyaml; extra == \"full\"",
            "typing-extensions>=4.10.0; python_version < \"3.13\""
          ],
          "requires_python": ">=3.9",
          "version": "0.48.0"
        },
        {
          "artifacts": [
            {
              "algorithm": "sha256",
              "hash": "f0fa19c6845758ab08074a0cfa8b7aecb71c999ca73d62883bc25cc018c4e548",
              "url": "https://files.pythonhosted.org/packages/18/67/36e9267722cc04a6b9f15c7f3441c2363321a3ea07da7ae0c0707beb2a9c/typing_extensions-4.15.0-py3-none-any.whl"
            },
            {
              "algorithm": "sha256",
              "hash": "0cea48d173cc12fa28ecabc3b837ea3cf6f38c6d1136f85cbaaf598984861466",
              "url": "https://files.pythonhosted.org/packages/72/94/1a15dd82efb362ac84269196e94cf00f187f7ed21c242792a923cdb1c61f/typing_extensions-4.15.0.tar.gz"
            }
          ],
          "project_name": "typing-extensions",
          "requires_dists": [],
          "requires_python": ">=3.9",
          "version": "4.15.0"
        },
        {
          "artifacts": [
            {
              "algorithm": "sha256",
              "hash": "4ed1cacbdc298c220f1bd249ed5287caa16f34d44ef4e9c3d0cbad5b521545e7",
              "url": "https://files.pythonhosted.org/packages/dc/9b/47798a6c91d8bdb567fe2698fe81e0c6b7cb7ef4d13da4114b41d239f65d/typing_inspection-0.4.2-py3-none-any.whl"
            },
            {
              "algorithm": "sha256",
              "hash": "ba561c48a67c5958007083d386c3295464928b01faa735ab8547c5692e87f464",
              "url": "https://files.pythonhosted.org/packages/55/e3/70399cb7dd41c10ac53367ae42139cf4b1ca5f36bb3dc6c9d33acdb43655/typing_inspection-0.4.2.tar.gz"
            }
          ],
          "project_name": "typing-inspection",
          "requires_dists": [
            "typing-extensions>=4.12.0"
          ],
          "requires_python": ">=3.9",
          "version": "0.4.2"
        },
        {
          "artifacts": [
            {
              "algorithm": "sha256",
              "hash": "48c0afd214ceb59340075b4a052ea1ee91c16fbc2a9b1469cca0e54566977b02",
              "url": "https://files.pythonhosted.org/packages/ee/d9/d88e73ca598f4f6ff671fb5fde8a32925c2e08a637303a1d12883c7305fa/uvicorn-0.38.0-py3-none-any.whl"
            },
            {
              "algorithm": "sha256",
              "hash": "fd97093bdd120a2609fc0d3afe931d4d4ad688b6e75f0f929fde1bc36fe0e91d",
              "url": "https://files.pythonhosted.org/packages/cb/ce/f06b84e2697fef4688ca63bdb2fdf113ca0a3be33f94488f2cadb690b0cf/uvicorn-0.38.0.tar.gz"
            }
          ],
          "project_name": "uvicorn",
          "requires_dists": [
            "click>=7.0",
            "colorama>=0.4; sys_platform == \"win32\" and extra == \"standard\"",
            "h11>=0.8",
            "httptools>=0.6.3; extra == \"standard\"",
            "python-dotenv>=0.13; extra == \"standard\"",
            "pyyaml>=5.1; extra == \"standard\"",
            "typing-extensions>=4.0; python_version < \"3.11\"",
            "uvloop>=0.15.1; (sys_platform != \"win32\" and (sys_platform != \"cygwin\" and platform_python_implementation != \"PyPy\")) and extra == \"standard\"",
            "watchfiles>=0.13; extra == \"standard\"",
            "websockets>=10.4; extra == \"standard\""
          ],
          "requires_python": ">=3.9",
          "version": "0.38.0"
        },
        {
          "artifacts": [
            {
              "algorithm": "sha256",
              "hash": "512fec6815e2dd45161054592441ef76c830eddaad55c8aa30952e6fe1ed07c0",
              "url": "https://files.pythonhosted.org/packages/99/39/6b3f7d234ba3964c428a6e40006340f53ba37993f46ed6e111c6e9141d18/uvloop-0.22.1-cp312-cp312-musllinux_1_2_x86_64.whl"
            },
            {
              "algorithm": "sha256",
              "hash": "6c84bae345b9147082b17371e3dd5d42775bddce91f885499017f4607fdaf39f",
              "url": "https://files.pythonhosted.org/packages/06/f0/18d39dbd1971d6d62c4629cc7fa67f74821b0dc1f5a77af43719de7936a7/uvloop-0.22.1.tar.gz"
            },
            {
              "algorithm": "sha256",
              "hash": "700e674a166ca5778255e0e1dc4e9d79ab2acc57b9171b79e65feba7184b3370",
              "url": "https://files.pythonhosted.org/packages/24/68/a6ac446820273e71aa762fa21cdcc09861edd3536ff47c5cd3b7afb10eeb/uvloop-0.22.1-cp312-cp312-manylinux2014_aarch64.manylinux_2_17_aarch64.manylinux_2_28_aarch64.whl"
            },
            {
              "algorithm": "sha256",
              "hash": "fe94b4564e865d968414598eea1a6de60adba0c040ba4ed05ac1300de402cd42",
              "url": "https://files.pythonhosted.org/packages/3d/ff/7f72e8170be527b4977b033239a83a68d5c881cc4775fca255c677f7ac5d/uvloop-0.22.1-cp312-cp312-macosx_10_13_universal2.whl"
            },
            {
              "algorithm": "sha256",
              "hash": "7b5b1ac819a3f946d3b2ee07f09149578ae76066d70b44df3fa990add49a82e4",
              "url": "https://files.pythonhosted.org/packages/5f/6f/e62b4dfc7ad6518e7eff2516f680d02a0f6eb62c0c212e152ca708a0085e/uvloop-0.22.1-cp312-cp312-manylinux2014_x86_64.manylinux_2_17_x86_64.manylinux_2_28_x86_64.whl"
            },
            {
              "algorithm": "sha256",
              "hash": "e047cc068570bac9866237739607d1313b9253c3051ad84738cbb095be0537b2",
              "url": "https://files.pythonhosted.org/packages/90/60/97362554ac21e20e81bcef1150cb2a7e4ffdaf8ea1e5b2e8bf7a053caa18/uvloop-0.22.1-cp312-cp312-musllinux_1_2_aarch64.whl"
            },
            {
              "algorithm": "sha256",
              "hash": "51eb9bd88391483410daad430813d982010f9c9c89512321f5b60e2cddbdddd6",
              "url": "https://files.pythonhosted.org/packages/c3/c6/e5d433f88fd54d81ef4be58b2b7b0cea13c442454a1db703a1eea0db1a59/uvloop-0.22.1-cp312-cp312-macosx_10_13_x86_64.whl"
            }
          ],
          "project_name": "uvloop",
          "requires_dists": [
            "Cython~=3.0; extra == \"dev\"",
            "Sphinx~=4.1.2; extra == \"docs\"",
            "aiohttp>=3.10.5; extra == \"test\"",
            "flake8~=6.1; extra == \"test\"",
            "mypy>=0.800; extra == \"test\"",
            "psutil; extra == \"test\"",
            "pyOpenSSL~=25.3.0; extra == \"test\"",
            "pycodestyle~=2.11.0; extra == \"test\"",
            "setuptools>=60; extra == \"dev\"",
            "sphinx_rtd_theme~=0.5.2; extra == \"docs\"",
            "sphinxcontrib-asyncio~=0.3.0; extra == \"docs\""
          ],
          "requires_python": ">=3.8.1",
          "version": "0.22.1"
        },
        {
          "artifacts": [
            {
              "algorithm": "sha256",
              "hash": "36193ed342f5b9842edd3532729a2ad55c4160ffcfa3700e0d54be496b70dd43",
              "url": "https://files.pythonhosted.org/packages/78/46/7152ec29b8335f80167928944a94955015a345440f524d2dfe63fc2f437b/watchfiles-1.1.1-cp312-cp312-musllinux_1_1_x86_64.whl"
            },
            {
              "algorithm": "sha256",
              "hash": "30f7da3fb3f2844259cba4720c3fc7138eb0f7b659c38f3bfa65084c7fc7abce",
              "url": "https://files.pythonhosted.org/packages/19/0c/286b6301ded2eccd4ffd0041a1b726afda999926cf720aab63adb68a1e36/watchfiles-1.1.1-cp312-cp312-manylinux_2_17_i686.manylinux2014_i686.whl"
            },
            {
              "algorithm": "sha256",
              "hash": "8526e8f916bb5b9a0a777c8317c23ce65de259422bba5b31325a6fa6029d33af",
              "url": "https://files.pythonhosted.org/packages/4b/5b/d3b460364aeb8da471c1989238ea0e56bec24b6042a68046adf3d9ddb01c/watchfiles-1.1.1-cp312-cp312-manylinux_2_17_aarch64.manylinux2014_aarch64.whl"
            },
            {
              "algorithm": "sha256",
              "hash": "28475ddbde92df1874b6c5c8aaeb24ad5be47a11f87cde5a28ef3835932e3e94",
              "url": "https://files.pythonhosted.org/packages/66/ab/3cbb8756323e8f9b6f9acb9ef4ec26d42b2109bce830cc1f3468df20511d/watchfiles-1.1.1-cp312-cp312-musllinux_1_1_aarch64.whl"
            },
            {
              "algorithm": "sha256",
              "hash": "8c89f9f2f740a6b7dcc753140dd5e1ab9215966f7a3530d0c0705c83b401bd7d",
              "url": "https://files.pythonhosted.org/packages/74/d5/f039e7e3c639d9b1d09b07ea412a6806d38123f0508e5f9b48a87b0a76cc/watchfiles-1.1.1-cp312-cp312-macosx_10_12_x86_64.whl"
            },
            {
              "algorithm": "sha256",
              "hash": "bd404be08018c37350f0d6e34676bd1e2889990117a2b90070b3007f172d0610",
              "url": "https://files.pythonhosted.org/packages/a5/96/a881a13aa1349827490dab2d363c8039527060cfcc2c92cc6d13d1b1049e/watchfiles-1.1.1-cp312-cp312-macosx_11_0_arm64.whl"
            },
            {
              "algorithm": "sha256",
              "hash": "2edc3553362b1c38d9f06242416a5d8e9fe235c204a4072e988ce2e5bb1f69f6",
              "url": "https://files.pythonhosted.org/packages/b9/44/5769cb62d4ed055cb17417c0a109a92f007114a4e07f30812a73a4efdb11/watchfiles-1.1.1-cp312-cp312-manylinux_2_17_armv7l.manylinux2014_armv7l.whl"
            },
            {
              "algorithm": "sha256",
              "hash": "a173cb5c16c4f40ab19cecf48a534c409f7ea983ab8fed0741304a1c0a31b3f2",
              "url": "https://files.pythonhosted.org/packages/c2/c9/8869df9b2a2d6c59d79220a4db37679e74f807c559ffe5265e08b227a210/watchfiles-1.1.1.tar.gz"
            },
            {
              "algorithm": "sha256",
              "hash": "f8979280bdafff686ba5e4d8f97840f929a87ed9cdf133cbbd42f7766774d2aa",
              "url": "https://files.pythonhosted.org/packages/c7/2b/8530ed41112dd4a22f4dcfdb5ccf6a1baad1ff6eed8dc5a5f09e7e8c41c7/watchfiles-1.1.1-cp312-cp312-manylinux_2_17_ppc64le.manylinux2014_ppc64le.whl"
            },
            {
              "algorithm": "sha256",
              "hash": "dcc5c24523771db3a294c77d94771abcfcb82a0e0ee8efd910c37c59ec1b31bb",
              "url": "https://files.pythonhosted.org/packages/ce/d2/f5f9fb49489f184f18470d4f99f4e862a4b3e9ac2865688eb2099e3d837a/watchfiles-1.1.1-cp312-cp312-manylinux_2_17_s390x.manylinux2014_s390x.whl"
            },
            {
              "algorithm": "sha256",
              "hash": "1db5d7ae38ff20153d542460752ff397fcf5c96090c1230803713cf3147a6803",
              "url": "https://files.pythonhosted.org/packages/cf/68/5707da262a119fb06fbe214d82dd1fe4a6f4af32d2d14de368d0349eb52a/watchfiles-1.1.1-cp312-cp312-manylinux_2_17_x86_64.manylinux2014_x86_64.whl"
            }
          ],
          "project_name": "watchfiles",
          "requires_dists": [
            "anyio>=3.0.0"
          ],
          "requires_python": ">=3.9",
          "version": "1.1.1"
        },
        {
          "artifacts": [
            {
              "algorithm": "sha256",
              "hash": "f7a866fbc1e97b5c617ee4116daaa09b722101d4a3c170c787450ba409f9736f",
              "url": "https://files.pythonhosted.org/packages/fa/a8/5b41e0da817d64113292ab1f8247140aac61cbf6cfd085d6a0fa77f4984f/websockets-15.0.1-py3-none-any.whl"
            },
            {
              "algorithm": "sha256",
              "hash": "5d54b09eba2bada6011aea5375542a157637b91029687eb4fdb2dab11059c1b4",
              "url": "https://files.pythonhosted.org/packages/02/05/c68c5adbf679cf610ae2f74a9b871ae84564462955d991178f95a1ddb7dd/websockets-15.0.1-cp312-cp312-musllinux_1_2_i686.whl"
            },
            {
              "algorithm": "sha256",
              "hash": "64dee438fed052b52e4f98f76c5790513235efaa1ef7f3f2192c392cd7c91b65",
              "url": "https://files.pythonhosted.org/packages/14/8f/aa61f528fba38578ec553c145857a181384c72b98156f858ca5c8e82d9d3/websockets-15.0.1-cp312-cp312-manylinux_2_5_x86_64.manylinux1_x86_64.manylinux_2_17_x86_64.manylinux2014_x86_64.whl"
            },
            {
              "algorithm": "sha256",
              "hash": "82544de02076bafba038ce055ee6412d68da13ab47f0c60cab827346de828dee",
              "url": "https://files.pythonhosted.org/packages/21/e6/26d09fab466b7ca9c7737474c52be4f76a40301b08362eb2dbc19dcc16c1/websockets-15.0.1.tar.gz"
            },
            {
              "algorithm": "sha256",
              "hash": "3be571a8b5afed347da347bfcf27ba12b069d9d7f42cb8c7028b5e98bbb12597",
              "url": "https://files.pythonhosted.org/packages/29/93/bb672df7b2f5faac89761cb5fa34f5cec45a4026c383a4b5761c6cea5c16/websockets-15.0.1-cp312-cp312-musllinux_1_2_x86_64.whl"
            },
            {
              "algorithm": "sha256",
              "hash": "0701bc3cfcb9164d04a14b149fd74be7347a530ad3bbf15ab2c678a2cd3dd9a2",
              "url": "https://files.pythonhosted.org/packages/3d/69/1a681dd6f02180916f116894181eab8b2e25b31e484c5d0eae637ec01f7c/websockets-15.0.1-cp312-cp312-macosx_11_0_arm64.whl"
            },
            {
              "algorithm": "sha256",
              "hash": "3e90baa811a5d73f3ca0bcbf32064d663ed81318ab225ee4f427ad4e26e5aff3",
              "url": "https://files.pythonhosted.org/packages/51/6b/4545a0d843594f5d0771e86463606a3988b5a09ca5123136f8a76580dd63/websockets-15.0.1-cp312-cp312-macosx_10_13_universal2.whl"
            },
            {
              "algorithm": "sha256",
              "hash": "0af68c55afbd5f07986df82831c7bff04846928ea8d1fd7f30052638788bc9b5",
              "url": "https://files.pythonhosted.org/packages/74/45/c205c8480eafd114b428284840da0b1be9ffd0e4f87338dc95dc6ff961a1/websockets-15.0.1-cp312-cp312-manylinux_2_5_i686.manylinux1_i686.manylinux_2_17_i686.manylinux2014_i686.whl"
            },
            {
              "algorithm": "sha256",
              "hash": "e8b56bdcdb4505c8078cb6c7157d9811a85790f2f2b3632c7d1462ab5783d215",
              "url": "https://files.pythonhosted.org/packages/a6/02/0073b3952f5bce97eafbb35757f8d0d54812b6174ed8dd952aa08429bcc3/websockets-15.0.1-cp312-cp312-manylinux_2_17_aarch64.manylinux2014_aarch64.whl"
            },
            {
              "algorithm": "sha256",
              "hash": "d5f6b181bb38171a8ad1d6aa58a67a6aa9d4b38d0f8c5f496b9e42561dfc62fe",
              "url": "https://files.pythonhosted.org/packages/ec/6d/0267396610add5bc0d0d3e77f546d4cd287200804fe02323797de77dbce9/websockets-15.0.1-cp312-cp312-musllinux_1_2_aarch64.whl"
            },
            {
              "algorithm": "sha256",
              "hash": "592f1a9fe869c778694f0aa806ba0374e97648ab57936f092fd9d87f8bc03665",
              "url": "https://files.pythonhosted.org/packages/f4/71/809a0f5f6a06522af902e0f2ea2757f71ead94610010cf570ab5c98e99ed/websockets-15.0.1-cp312-cp312-macosx_10_13_x86_64.whl"
            }
          ],
          "project_name": "websockets",
          "requires_dists": [],
          "requires_python": ">=3.9",
          "version": "15.0.1"
        }
      ],
      "platform_tag": null
    }
  ],
  "only_builds": [],
  "only_wheels": [],
  "overridden": [],
  "path_mappings": {},
  "pex_version": "2.55.2",
  "pip_version": "24.2",
  "prefer_older_binary": false,
  "requirements": [
    "fastapi",
    "uvicorn[standard]"
  ],
  "requires_python": [
    "CPython==3.12.*"
  ],
  "resolver_version": "pip-2020-resolver",
  "style": "universal",
  "target_systems": [
    "linux",
    "mac"
  ],
  "transitive": true,
  "use_pep517": null,
  "use_system_time": false
}
